
Microsoft Visual Studio Solution File, Format Version 12.00
# Visual Studio Version 17
VisualStudioVersion = 17.2.32210.308
MinimumVisualStudioVersion = 10.0.40219.1
Project("{FAE04EC0-301F-11D3-BF4B-00C04F79EFBC}") = "BlackPearl", "BlackPearl\BlackPearl.csproj", "{BC77B7D3-79AC-4E66-AF63-833F7E018AB8}"
EndProject
Global
	GlobalSection(SolutionConfigurationPlatforms) = preSolution
		Debug|Any CPU = Debug|Any CPU
		Release|Any CPU = Release|Any CPU
	EndGlobalSection
	GlobalSection(ProjectConfigurationPlatforms) = postSolution
		{BC77B7D3-79AC-4E66-AF63-833F7E018AB8}.Debug|Any CPU.ActiveCfg = Debug|Any CPU
		{BC77B7D3-79AC-4E66-AF63-833F7E018AB8}.Debug|Any CPU.Build.0 = Debug|Any CPU
		{BC77B7D3-79AC-4E66-AF63-833F7E018AB8}.Release|Any CPU.ActiveCfg = Release|Any CPU
		{BC77B7D3-79AC-4E66-AF63-833F7E018AB8}.Release|Any CPU.Build.0 = Release|Any CPU
	EndGlobalSection
	GlobalSection(SolutionProperties) = preSolution
		HideSolutionNode = FALSE
	EndGlobalSection
	GlobalSection(ExtensibilityGlobals) = postSolution
		SolutionGuid = {4A19DC3C-691C-464C-A49C-66E1EC5ECF27}
	EndGlobalSection
EndGlobal
